
Microsoft Visual Studio Solution File, Format Version 12.00
# Visual Studio Version 17
VisualStudioVersion = 17.3.32819.101
MinimumVisualStudioVersion = 10.0.40219.1
Project("{FAE04EC0-301F-11D3-BF4B-00C04F79EFBC}") = "Inforce_SlotMachine.WebApi", "Inforce_SlotMachine.WebApi\Inforce_SlotMachine.WebApi.csproj", "{BAB1E5CA-78CA-4C9C-A758-61BD056D0E8D}"
EndProject
Global
	GlobalSection(SolutionConfigurationPlatforms) = preSolution
		Debug|Any CPU = Debug|Any CPU
		Release|Any CPU = Release|Any CPU
	EndGlobalSection
	GlobalSection(ProjectConfigurationPlatforms) = postSolution
		{BAB1E5CA-78CA-4C9C-A758-61BD056D0E8D}.Debug|Any CPU.ActiveCfg = Debug|Any CPU
		{BAB1E5CA-78CA-4C9C-A758-61BD056D0E8D}.Debug|Any CPU.Build.0 = Debug|Any CPU
		{BAB1E5CA-78CA-4C9C-A758-61BD056D0E8D}.Release|Any CPU.ActiveCfg = Release|Any CPU
		{BAB1E5CA-78CA-4C9C-A758-61BD056D0E8D}.Release|Any CPU.Build.0 = Release|Any CPU
	EndGlobalSection
	GlobalSection(SolutionProperties) = preSolution
		HideSolutionNode = FALSE
	EndGlobalSection
	GlobalSection(ExtensibilityGlobals) = postSolution
		SolutionGuid = {146E250A-71CA-46D9-9919-51FFFD73267A}
	EndGlobalSection
EndGlobal
